
Microsoft Visual Studio Solution File, Format Version 12.00
# Visual Studio 14
VisualStudioVersion = 14.0.25420.1
MinimumVisualStudioVersion = 10.0.40219.1
Project("{E24C65DC-7377-472B-9ABA-BC803B73C61A}") = "Pr1_S16_C15", "..\", "{B1598788-50C0-4A2E-9B94-B1744C9A0EC1}"
	ProjectSection(WebsiteProperties) = preProject
		TargetFrameworkMoniker = ".NETFramework,Version%3Dv4.5"
		Debug.AspNetCompiler.VirtualPath = "/Pr1_S16_C15"
		Debug.AspNetCompiler.PhysicalPath = "..\..\Pr1_S16_C15\"
		Debug.AspNetCompiler.TargetPath = "PrecompiledWeb\Pr1_S16_C15\"
		Debug.AspNetCompiler.Updateable = "true"
		Debug.AspNetCompiler.ForceOverwrite = "true"
		Debug.AspNetCompiler.FixedNames = "false"
		Debug.AspNetCompiler.Debug = "True"
		Release.AspNetCompiler.VirtualPath = "/Pr1_S16_C15"
		Release.AspNetCompiler.PhysicalPath = "..\..\Pr1_S16_C15\"
		Release.AspNetCompiler.TargetPath = "PrecompiledWeb\Pr1_S16_C15\"
		Release.AspNetCompiler.Updateable = "true"
		Release.AspNetCompiler.ForceOverwrite = "true"
		Release.AspNetCompiler.FixedNames = "false"
		Release.AspNetCompiler.Debug = "False"
		VWDPort = "41875"
		SlnRelativePath = "..\..\Pr1_S16_C15\"
	EndProjectSection
EndProject
Global
	GlobalSection(SolutionConfigurationPlatforms) = preSolution
		Debug|Any CPU = Debug|Any CPU
		Release|Any CPU = Release|Any CPU
	EndGlobalSection
	GlobalSection(ProjectConfigurationPlatforms) = postSolution
		{B1598788-50C0-4A2E-9B94-B1744C9A0EC1}.Debug|Any CPU.ActiveCfg = Debug|Any CPU
		{B1598788-50C0-4A2E-9B94-B1744C9A0EC1}.Debug|Any CPU.Build.0 = Debug|Any CPU
		{B1598788-50C0-4A2E-9B94-B1744C9A0EC1}.Release|Any CPU.ActiveCfg = Debug|Any CPU
		{B1598788-50C0-4A2E-9B94-B1744C9A0EC1}.Release|Any CPU.Build.0 = Debug|Any CPU
	EndGlobalSection
	GlobalSection(SolutionProperties) = preSolution
		HideSolutionNode = FALSE
	EndGlobalSection
EndGlobal
